
Microsoft Visual Studio Solution File, Format Version 12.00
# Visual Studio Version 16
VisualStudioVersion = 16.6.30114.105
MinimumVisualStudioVersion = 10.0.40219.1
Project("{FAE04EC0-301F-11D3-BF4B-00C04F79EFBC}") = "auto_click_by_pos", "auto_click_by_pos.csproj", "{FD853516-8643-4D59-88FC-4C16B5FE962D}"
EndProject
Project("{FAE04EC0-301F-11D3-BF4B-00C04F79EFBC}") = "ScreenBitmap", "..\ScreenBitmap\ScreenBitmap.csproj", "{339E0DE7-1DAC-44BB-9024-FFB40D827B7D}"
EndProject
Global
	GlobalSection(SolutionConfigurationPlatforms) = preSolution
		Debug|Any CPU = Debug|Any CPU
		Debug|x64 = Debug|x64
		Debug|x86 = Debug|x86
		Release|Any CPU = Release|Any CPU
		Release|x64 = Release|x64
		Release|x86 = Release|x86
	EndGlobalSection
	GlobalSection(SolutionProperties) = preSolution
		HideSolutionNode = FALSE
	EndGlobalSection
	GlobalSection(ProjectConfigurationPlatforms) = postSolution
		{FD853516-8643-4D59-88FC-4C16B5FE962D}.Debug|Any CPU.ActiveCfg = Debug|Any CPU
		{FD853516-8643-4D59-88FC-4C16B5FE962D}.Debug|Any CPU.Build.0 = Debug|Any CPU
		{FD853516-8643-4D59-88FC-4C16B5FE962D}.Debug|x64.ActiveCfg = Debug|Any CPU
		{FD853516-8643-4D59-88FC-4C16B5FE962D}.Debug|x64.Build.0 = Debug|Any CPU
		{FD853516-8643-4D59-88FC-4C16B5FE962D}.Debug|x86.ActiveCfg = Debug|Any CPU
		{FD853516-8643-4D59-88FC-4C16B5FE962D}.Debug|x86.Build.0 = Debug|Any CPU
		{FD853516-8643-4D59-88FC-4C16B5FE962D}.Release|Any CPU.ActiveCfg = Release|Any CPU
		{FD853516-8643-4D59-88FC-4C16B5FE962D}.Release|Any CPU.Build.0 = Release|Any CPU
		{FD853516-8643-4D59-88FC-4C16B5FE962D}.Release|x64.ActiveCfg = Release|Any CPU
		{FD853516-8643-4D59-88FC-4C16B5FE962D}.Release|x64.Build.0 = Release|Any CPU
		{FD853516-8643-4D59-88FC-4C16B5FE962D}.Release|x86.ActiveCfg = Release|Any CPU
		{FD853516-8643-4D59-88FC-4C16B5FE962D}.Release|x86.Build.0 = Release|Any CPU
		{339E0DE7-1DAC-44BB-9024-FFB40D827B7D}.Debug|Any CPU.ActiveCfg = Debug|Any CPU
		{339E0DE7-1DAC-44BB-9024-FFB40D827B7D}.Debug|Any CPU.Build.0 = Debug|Any CPU
		{339E0DE7-1DAC-44BB-9024-FFB40D827B7D}.Debug|x64.ActiveCfg = Debug|Any CPU
		{339E0DE7-1DAC-44BB-9024-FFB40D827B7D}.Debug|x64.Build.0 = Debug|Any CPU
		{339E0DE7-1DAC-44BB-9024-FFB40D827B7D}.Debug|x86.ActiveCfg = Debug|Any CPU
		{339E0DE7-1DAC-44BB-9024-FFB40D827B7D}.Debug|x86.Build.0 = Debug|Any CPU
		{339E0DE7-1DAC-44BB-9024-FFB40D827B7D}.Release|Any CPU.ActiveCfg = Release|Any CPU
		{339E0DE7-1DAC-44BB-9024-FFB40D827B7D}.Release|Any CPU.Build.0 = Release|Any CPU
		{339E0DE7-1DAC-44BB-9024-FFB40D827B7D}.Release|x64.ActiveCfg = Release|Any CPU
		{339E0DE7-1DAC-44BB-9024-FFB40D827B7D}.Release|x64.Build.0 = Release|Any CPU
		{339E0DE7-1DAC-44BB-9024-FFB40D827B7D}.Release|x86.ActiveCfg = Release|Any CPU
		{339E0DE7-1DAC-44BB-9024-FFB40D827B7D}.Release|x86.Build.0 = Release|Any CPU
	EndGlobalSection
EndGlobal
